PODS:
  - ATBarSDK (1.4.1)
  - audio_session (0.0.1):
    - Flutter
  - Bugly (2.6.1)
  - device_info_plus (0.0.1):
    - Flutter
  - ffmpeg-kit-ios-full-gpl (6.0)
  - ffmpeg_kit_flutter_full_gpl (6.0.3):
    - ffmpeg_kit_flutter_full_gpl/full-gpl (= 6.0.3)
    - Flutter
  - ffmpeg_kit_flutter_full_gpl/full-gpl (6.0.3):
    - ffmpeg-kit-ios-full-gpl (= 6.0)
    - Flutter
  - Flutter (1.0.0)
  - flutter_bugly (0.0.1):
    - Bugly
    - Flutter
  - flutter_image_compress_common (1.0.0):
    - Flutter
    - Mantle
    - SDWebImage
    - SDWebImageWebPCoder
  - image_cropper (0.0.4):
    - Flutter
    - TOCropViewController (~> 2.7.4)
  - image_gallery_saver (2.0.2):
    - Flutter
  - image_picker_ios (0.0.1):
    - Flutter
  - just_audio (0.0.1):
    - Flutter
  - libwebp (1.3.2):
    - libwebp/demux (= 1.3.2)
    - libwebp/mux (= 1.3.2)
    - libwebp/sharpyuv (= 1.3.2)
    - libwebp/webp (= 1.3.2)
  - libwebp/demux (1.3.2):
    - libwebp/webp
  - libwebp/mux (1.3.2):
    - libwebp/demux
  - libwebp/sharpyuv (1.3.2)
  - libwebp/webp (1.3.2):
    - libwebp/sharpyuv
  - local_auth_darwin (0.0.1):
    - Flutter
  - Mantle (2.2.0):
    - Mantle/extobjc (= 2.2.0)
  - Mantle/extobjc (2.2.0)
  - MTBBarcodeScanner (5.0.11)
  - open_filex (0.0.2):
    - Flutter
  - package_info_plus (0.4.5):
    - Flutter
  - path_provider_foundation (0.0.1):
    - Flutter
    - FlutterMacOS
  - permission_handler_apple (9.3.0):
    - Flutter
  - qr_code_scanner (0.2.0):
    - Flutter
    - MTBBarcodeScanner
  - r_scan (0.0.1):
    - ATBarSDK (~> 1.4.1)
    - Flutter
    - ZXingObjC (~> 3.6.5)
  - record_darwin (1.0.0):
    - Flutter
    - FlutterMacOS
  - SDWebImage (5.19.2):
    - SDWebImage/Core (= 5.19.2)
  - SDWebImage/Core (5.19.2)
  - SDWebImageWebPCoder (0.14.6):
    - libwebp (~> 1.0)
    - SDWebImage/Core (~> 5.17)
  - shared_preferences_foundation (0.0.1):
    - Flutter
    - FlutterMacOS
  - sqflite (0.0.3):
    - Flutter
    - FlutterMacOS
  - TOCropViewController (2.7.4)
  - url_launcher_ios (0.0.1):
    - Flutter
  - vibration (1.7.5):
    - Flutter
  - video_player_avfoundation (0.0.1):
    - Flutter
    - FlutterMacOS
  - wakelock_plus (0.0.1):
    - Flutter
  - ZXingObjC (3.6.9):
    - ZXingObjC/All (= 3.6.9)
  - ZXingObjC/All (3.6.9)

DEPENDENCIES:
  - audio_session (from `.symlinks/plugins/audio_session/ios`)
  - device_info_plus (from `.symlinks/plugins/device_info_plus/ios`)
  - ffmpeg_kit_flutter_full_gpl (from `.symlinks/plugins/ffmpeg_kit_flutter_full_gpl/ios`)
  - Flutter (from `Flutter`)
  - flutter_bugly (from `.symlinks/plugins/flutter_bugly/ios`)
  - flutter_image_compress_common (from `.symlinks/plugins/flutter_image_compress_common/ios`)
  - image_cropper (from `.symlinks/plugins/image_cropper/ios`)
  - image_gallery_saver (from `.symlinks/plugins/image_gallery_saver/ios`)
  - image_picker_ios (from `.symlinks/plugins/image_picker_ios/ios`)
  - just_audio (from `.symlinks/plugins/just_audio/ios`)
  - local_auth_darwin (from `.symlinks/plugins/local_auth_darwin/darwin`)
  - open_filex (from `.symlinks/plugins/open_filex/ios`)
  - package_info_plus (from `.symlinks/plugins/package_info_plus/ios`)
  - path_provider_foundation (from `.symlinks/plugins/path_provider_foundation/darwin`)
  - permission_handler_apple (from `.symlinks/plugins/permission_handler_apple/ios`)
  - qr_code_scanner (from `.symlinks/plugins/qr_code_scanner/ios`)
  - r_scan (from `.symlinks/plugins/r_scan/ios`)
  - record_darwin (from `.symlinks/plugins/record_darwin/ios`)
  - shared_preferences_foundation (from `.symlinks/plugins/shared_preferences_foundation/darwin`)
  - sqflite (from `.symlinks/plugins/sqflite/darwin`)
  - url_launcher_ios (from `.symlinks/plugins/url_launcher_ios/ios`)
  - vibration (from `.symlinks/plugins/vibration/ios`)
  - video_player_avfoundation (from `.symlinks/plugins/video_player_avfoundation/darwin`)
  - wakelock_plus (from `.symlinks/plugins/wakelock_plus/ios`)

SPEC REPOS:
  trunk:
    - ATBarSDK
    - Bugly
    - ffmpeg-kit-ios-full-gpl
    - libwebp
    - Mantle
    - MTBBarcodeScanner
    - SDWebImage
    - SDWebImageWebPCoder
    - TOCropViewController
    - ZXingObjC

EXTERNAL SOURCES:
  audio_session:
    :path: ".symlinks/plugins/audio_session/ios"
  device_info_plus:
    :path: ".symlinks/plugins/device_info_plus/ios"
  ffmpeg_kit_flutter_full_gpl:
    :path: ".symlinks/plugins/ffmpeg_kit_flutter_full_gpl/ios"
  Flutter:
    :path: Flutter
  flutter_bugly:
    :path: ".symlinks/plugins/flutter_bugly/ios"
  flutter_image_compress_common:
    :path: ".symlinks/plugins/flutter_image_compress_common/ios"
  image_cropper:
    :path: ".symlinks/plugins/image_cropper/ios"
  image_gallery_saver:
    :path: ".symlinks/plugins/image_gallery_saver/ios"
  image_picker_ios:
    :path: ".symlinks/plugins/image_picker_ios/ios"
  just_audio:
    :path: ".symlinks/plugins/just_audio/ios"
  local_auth_darwin:
    :path: ".symlinks/plugins/local_auth_darwin/darwin"
  open_filex:
    :path: ".symlinks/plugins/open_filex/ios"
  package_info_plus:
    :path: ".symlinks/plugins/package_info_plus/ios"
  path_provider_foundation:
    :path: ".symlinks/plugins/path_provider_foundation/darwin"
  permission_handler_apple:
    :path: ".symlinks/plugins/permission_handler_apple/ios"
  qr_code_scanner:
    :path: ".symlinks/plugins/qr_code_scanner/ios"
  r_scan:
    :path: ".symlinks/plugins/r_scan/ios"
  record_darwin:
    :path: ".symlinks/plugins/record_darwin/ios"
  shared_preferences_foundation:
    :path: ".symlinks/plugins/shared_preferences_foundation/darwin"
  sqflite:
    :path: ".symlinks/plugins/sqflite/darwin"
  url_launcher_ios:
    :path: ".symlinks/plugins/url_launcher_ios/ios"
  vibration:
    :path: ".symlinks/plugins/vibration/ios"
  video_player_avfoundation:
    :path: ".symlinks/plugins/video_player_avfoundation/darwin"
  wakelock_plus:
    :path: ".symlinks/plugins/wakelock_plus/ios"

SPEC CHECKSUMS:
  ATBarSDK: b6aa2b6a120ac7d6b1ff041bd60b9edde6bb17c4
  audio_session: 088d2483ebd1dc43f51d253d4a1c517d9a2e7207
  Bugly: 217ac2ce5f0f2626d43dbaa4f70764c953a26a31
  device_info_plus: 97af1d7e84681a90d0693e63169a5d50e0839a0d
  ffmpeg-kit-ios-full-gpl: 80adc341962e55ef709e36baa8ed9a70cf4ea62b
  ffmpeg_kit_flutter_full_gpl: 8d15c14c0c3aba616fac04fe44b3d27d02e3c330
  Flutter: e0871f40cf51350855a761d2e70bf5af5b9b5de7
  flutter_bugly: c9800f4d5bc5bdc27ffdde3417a26ba44266e0c3
  flutter_image_compress_common: ec1d45c362c9d30a3f6a0426c297f47c52007e3e
  image_cropper: 37d40f62177c101ff4c164906d259ea2c3aa70cf
  image_gallery_saver: cb43cc43141711190510e92c460eb1655cd343cb
  image_picker_ios: c560581cceedb403a6ff17f2f816d7fea1421fc1
  just_audio: baa7252489dbcf47a4c7cc9ca663e9661c99aafa
  libwebp: 1786c9f4ff8a279e4dac1e8f385004d5fc253009
  local_auth_darwin: 4d56c90c2683319835a61274b57620df9c4520ab
  Mantle: c5aa8794a29a022dfbbfc9799af95f477a69b62d
  MTBBarcodeScanner: f453b33c4b7dfe545d8c6484ed744d55671788cb
  open_filex: 6e26e659846ec990262224a12ef1c528bb4edbe4
  package_info_plus: 58f0028419748fad15bf008b270aaa8e54380b1c
  path_provider_foundation: 2b6b4c569c0fb62ec74538f866245ac84301af46
  permission_handler_apple: 9878588469a2b0d0fc1e048d9f43605f92e6cec2
  qr_code_scanner: bb67d64904c3b9658ada8c402e8b4d406d5d796e
  r_scan: 5672d9b68f8cece3835895a6aaab12047acf65bd
  record_darwin: df0a677188e5fed18472550298e675f19ddaffbe
  SDWebImage: dfe95b2466a9823cf9f0c6d01217c06550d7b29a
  SDWebImageWebPCoder: e38c0a70396191361d60c092933e22c20d5b1380
  shared_preferences_foundation: fcdcbc04712aee1108ac7fda236f363274528f78
  sqflite: 673a0e54cc04b7d6dba8d24fb8095b31c3a99eec
  TOCropViewController: 80b8985ad794298fb69d3341de183f33d1853654
  url_launcher_ios: 5334b05cef931de560670eeae103fd3e431ac3fe
  vibration: 7d883d141656a1c1a6d8d238616b2042a51a1241
  video_player_avfoundation: 7c6c11d8470e1675df7397027218274b6d2360b3
  wakelock_plus: 78ec7c5b202cab7761af8e2b2b3d0671be6c4ae1
  ZXingObjC: 8898711ab495761b2dbbdec76d90164a6d7e14c5

PODFILE CHECKSUM: 819463e6a0290f5a72f145ba7cde16e8b6ef0796

COCOAPODS: 1.15.0
